// !$*UTF8*$!
{
	archiveVersion = 1;
	classes = {
	};
	objectVersion = 48;
	objects = {

/* Begin PBXBuildFile section */
		58C6F4BB1FBDDD5C00C9EC88 /* AppDelegate.swift in Sources */ = {isa = PBXBuildFile; fileRef = 58C6F4BA1FBDDD5C00C9EC88 /* AppDelegate.swift */; };
		58C6F4BD1FBDDD5C00C9EC88 /* ViewController.swift in Sources */ = {isa = PBXBuildFile; fileRef = 58C6F4BC1FBDDD5C00C9EC88 /* ViewController.swift */; };
		58C6F4C01FBDDD5C00C9EC88 /* Main.storyboard in Resources */ = {isa = PBXBuildFile; fileRef = 58C6F4BE1FBDDD5C00C9EC88 /* Main.storyboard */; };
		58C6F4C21FBDDD5C00C9EC88 /* Assets.xcassets in Resources */ = {isa = PBXBuildFile; fileRef = 58C6F4C11FBDDD5C00C9EC88 /* Assets.xcassets */; };
		58C6F4C51FBDDD5C00C9EC88 /* LaunchScreen.storyboard in Resources */ = {isa = PBXBuildFile; fileRef = 58C6F4C31FBDDD5C00C9EC88 /* LaunchScreen.storyboard */; };
		58C6F4D01FBDDD5D00C9EC88 /* DropDown_ListTests.swift in Sources */ = {isa = PBXBuildFile; fileRef = 58C6F4CF1FBDDD5D00C9EC88 /* DropDown_ListTests.swift */; };
		58C6F4DB1FBDDD5D00C9EC88 /* DropDown_ListUITests.swift in Sources */ = {isa = PBXBuildFile; fileRef = 58C6F4DA1FBDDD5D00C9EC88 /* DropDown_ListUITests.swift */; };
/* End PBXBuildFile section */

/* Begin PBXContainerItemProxy section */
		58C6F4CC1FBDDD5D00C9EC88 /* PBXContainerItemProxy */ = {
			isa = PBXContainerItemProxy;
			containerPortal = 58C6F4AF1FBDDD5C00C9EC88 /* Project object */;
			proxyType = 1;
			remoteGlobalIDString = 58C6F4B61FBDDD5C00C9EC88;
			remoteInfo = "DropDown-List";
		};
		58C6F4D71FBDDD5D00C9EC88 /* PBXContainerItemProxy */ = {
			isa = PBXContainerItemProxy;
			containerPortal = 58C6F4AF1FBDDD5C00C9EC88 /* Project object */;
			proxyType = 1;
			remoteGlobalIDString = 58C6F4B61FBDDD5C00C9EC88;
			remoteInfo = "DropDown-List";
		};
/* End PBXContainerItemProxy section */

/* Begin PBXFileReference section */
		58C6F4B71FBDDD5C00C9EC88 /* DropDown-List.app */ = {isa = PBXFileReference; explicitFileType = wrapper.application; includeInIndex = 0; path = "DropDown-List.app"; sourceTree = BUILT_PRODUCTS_DIR; };
		58C6F4BA1FBDDD5C00C9EC88 /* AppDelegate.swift */ = {isa = PBXFileReference; lastKnownFileType = sourcecode.swift; path = AppDelegate.swift; sourceTree = "<group>"; };
		58C6F4BC1FBDDD5C00C9EC88 /* ViewController.swift */ = {isa = PBXFileReference; lastKnownFileType = sourcecode.swift; path = ViewController.swift; sourceTree = "<group>"; };
		58C6F4BF1FBDDD5C00C9EC88 /* Base */ = {isa = PBXFileReference; lastKnownFileType = file.storyboard; name = Base; path = Base.lproj/Main.storyboard; sourceTree = "<group>"; };
		58C6F4C11FBDDD5C00C9EC88 /* Assets.xcassets */ = {isa = PBXFileReference; lastKnownFileType = folder.assetcatalog; path = Assets.xcassets; sourceTree = "<group>"; };
		58C6F4C41FBDDD5C00C9EC88 /* Base */ = {isa = PBXFileReference; lastKnownFileType = file.storyboard; name = Base; path = Base.lproj/LaunchScreen.storyboard; sourceTree = "<group>"; };
		58C6F4C61FBDDD5C00C9EC88 /* Info.plist */ = {isa = PBXFileReference; lastKnownFileType = text.plist.xml; path = Info.plist; sourceTree = "<group>"; };
		58C6F4CB1FBDDD5D00C9EC88 /* DropDown-ListTests.xctest */ = {isa = PBXFileReference; explicitFileType = wrapper.cfbundle; includeInIndex = 0; path = "DropDown-ListTests.xctest"; sourceTree = BUILT_PRODUCTS_DIR; };
		58C6F4CF1FBDDD5D00C9EC88 /* DropDown_ListTests.swift */ = {isa = PBXFileReference; lastKnownFileType = sourcecode.swift; path = DropDown_ListTests.swift; sourceTree = "<group>"; };
		58C6F4D11FBDDD5D00C9EC88 /* Info.plist */ = {isa = PBXFileReference; lastKnownFileType = text.plist.xml; path = Info.plist; sourceTree = "<group>"; };
		58C6F4D61FBDDD5D00C9EC88 /* DropDown-ListUITests.xctest */ = {isa = PBXFileReference; explicitFileType = wrapper.cfbundle; includeInIndex = 0; path = "DropDown-ListUITests.xctest"; sourceTree = BUILT_PRODUCTS_DIR; };
		58C6F4DA1FBDDD5D00C9EC88 /* DropDown_ListUITests.swift */ = {isa = PBXFileReference; lastKnownFileType = sourcecode.swift; path = DropDown_ListUITests.swift; sourceTree = "<group>"; };
		58C6F4DC1FBDDD5D00C9EC88 /* Info.plist */ = {isa = PBXFileReference; lastKnownFileType = text.plist.xml; path = Info.plist; sourceTree = "<group>"; };
/* End PBXFileReference section */

/* Begin PBXFrameworksBuildPhase section */
		58C6F4B41FBDDD5C00C9EC88 /* Frameworks */ = {
			isa = PBXFrameworksBuildPhase;
			buildActionMask = 2147483647;
			files = (
			);
			runOnlyForDeploymentPostprocessing = 0;
		};
		58C6F4C81FBDDD5D00C9EC88 /* Frameworks */ = {
			isa = PBXFrameworksBuildPhase;
			buildActionMask = 2147483647;
			files = (
			);
			runOnlyForDeploymentPostprocessing = 0;
		};
		58C6F4D31FBDDD5D00C9EC88 /* Frameworks */ = {
			isa = PBXFrameworksBuildPhase;
			buildActionMask = 2147483647;
			files = (
			);
			runOnlyForDeploymentPostprocessing = 0;
		};
/* End PBXFrameworksBuildPhase section */

/* Begin PBXGroup section */
		58C6F4AE1FBDDD5C00C9EC88 = {
			isa = PBXGroup;
			children = (
				58C6F4B91FBDDD5C00C9EC88 /* DropDown-List */,
				58C6F4CE1FBDDD5D00C9EC88 /* DropDown-ListTests */,
				58C6F4D91FBDDD5D00C9EC88 /* DropDown-ListUITests */,
				58C6F4B81FBDDD5C00C9EC88 /* Products */,
			);
			sourceTree = "<group>";
		};
		58C6F4B81FBDDD5C00C9EC88 /* Products */ = {
			isa = PBXGroup;
			children = (
				58C6F4B71FBDDD5C00C9EC88 /* DropDown-List.app */,
				58C6F4CB1FBDDD5D00C9EC88 /* DropDown-ListTests.xctest */,
				58C6F4D61FBDDD5D00C9EC88 /* DropDown-ListUITests.xctest */,
			);
			name = Products;
			sourceTree = "<group>";
		};
		58C6F4B91FBDDD5C00C9EC88 /* DropDown-List */ = {
			isa = PBXGroup;
			children = (
				58C6F4BA1FBDDD5C00C9EC88 /* AppDelegate.swift */,
				58C6F4BC1FBDDD5C00C9EC88 /* ViewController.swift */,
				58C6F4BE1FBDDD5C00C9EC88 /* Main.storyboard */,
				58C6F4C11FBDDD5C00C9EC88 /* Assets.xcassets */,
				58C6F4C31FBDDD5C00C9EC88 /* LaunchScreen.storyboard */,
				58C6F4C61FBDDD5C00C9EC88 /* Info.plist */,
			);
			path = "DropDown-List";
			sourceTree = "<group>";
		};
		58C6F4CE1FBDDD5D00C9EC88 /* DropDown-ListTests */ = {
			isa = PBXGroup;
			children = (
				58C6F4CF1FBDDD5D00C9EC88 /* DropDown_ListTests.swift */,
				58C6F4D11FBDDD5D00C9EC88 /* Info.plist */,
			);
			path = "DropDown-ListTests";
			sourceTree = "<group>";
		};
		58C6F4D91FBDDD5D00C9EC88 /* DropDown-ListUITests */ = {
			isa = PBXGroup;
			children = (
				58C6F4DA1FBDDD5D00C9EC88 /* DropDown_ListUITests.swift */,
				58C6F4DC1FBDDD5D00C9EC88 /* Info.plist */,
			);
			path = "DropDown-ListUITests";
			sourceTree = "<group>";
		};
/* End PBXGroup section */

/* Begin PBXNativeTarget section */
		58C6F4B61FBDDD5C00C9EC88 /* DropDown-List */ = {
			isa = PBXNativeTarget;
			buildConfigurationList = 58C6F4DF1FBDDD5D00C9EC88 /* Build configuration list for PBXNativeTarget "DropDown-List" */;
			buildPhases = (
				58C6F4B31FBDDD5C00C9EC88 /* Sources */,
				58C6F4B41FBDDD5C00C9EC88 /* Frameworks */,
				58C6F4B51FBDDD5C00C9EC88 /* Resources */,
			);
			buildRules = (
			);
			dependencies = (
			);
			name = "DropDown-List";
			productName = "DropDown-List";
			productReference = 58C6F4B71FBDDD5C00C9EC88 /* DropDown-List.app */;
			productType = "com.apple.product-type.application";
		};
		58C6F4CA1FBDDD5D00C9EC88 /* DropDown-ListTests */ = {
			isa = PBXNativeTarget;
			buildConfigurationList = 58C6F4E21FBDDD5D00C9EC88 /* Build configuration list for PBXNativeTarget "DropDown-ListTests" */;
			buildPhases = (
				58C6F4C71FBDDD5D00C9EC88 /* Sources */,
				58C6F4C81FBDDD5D00C9EC88 /* Frameworks */,
				58C6F4C91FBDDD5D00C9EC88 /* Resources */,
			);
			buildRules = (
			);
			dependencies = (
				58C6F4CD1FBDDD5D00C9EC88 /* PBXTargetDependency */,
			);
			name = "DropDown-ListTests";
			productName = "DropDown-ListTests";
			productReference = 58C6F4CB1FBDDD5D00C9EC88 /* DropDown-ListTests.xctest */;
			productType = "com.apple.product-type.bundle.unit-test";
		};
		58C6F4D51FBDDD5D00C9EC88 /* DropDown-ListUITests */ = {
			isa = PBXNativeTarget;
			buildConfigurationList = 58C6F4E51FBDDD5D00C9EC88 /* Build configuration list for PBXNativeTarget "DropDown-ListUITests" */;
			buildPhases = (
				58C6F4D21FBDDD5D00C9EC88 /* Sources */,
				58C6F4D31FBDDD5D00C9EC88 /* Frameworks */,
				58C6F4D41FBDDD5D00C9EC88 /* Resources */,
			);
			buildRules = (
			);
			dependencies = (
				58C6F4D81FBDDD5D00C9EC88 /* PBXTargetDependency */,
			);
			name = "DropDown-ListUITests";
			productName = "DropDown-ListUITests";
			productReference = 58C6F4D61FBDDD5D00C9EC88 /* DropDown-ListUITests.xctest */;
			productType = "com.apple.product-type.bundle.ui-testing";
		};
/* End PBXNativeTarget section */

/* Begin PBXProject section */
		58C6F4AF1FBDDD5C00C9EC88 /* Project object */ = {
			isa = PBXProject;
			attributes = {
				LastSwiftUpdateCheck = 0910;
				LastUpgradeCheck = 0910;
				ORGANIZATIONNAME = "Mohd Tauheed Uddin Siddiqui";
				TargetAttributes = {
					58C6F4B61FBDDD5C00C9EC88 = {
						CreatedOnToolsVersion = 9.1;
						ProvisioningStyle = Automatic;
					};
					58C6F4CA1FBDDD5D00C9EC88 = {
						CreatedOnToolsVersion = 9.1;
						ProvisioningStyle = Automatic;
						TestTargetID = 58C6F4B61FBDDD5C00C9EC88;
					};
					58C6F4D51FBDDD5D00C9EC88 = {
						CreatedOnToolsVersion = 9.1;
						ProvisioningStyle = Automatic;
						TestTargetID = 58C6F4B61FBDDD5C00C9EC88;
					};
				};
			};
			buildConfigurationList = 58C6F4B21FBDDD5C00C9EC88 /* Build configuration list for PBXProject "DropDown-List" */;
			compatibilityVersion = "Xcode 8.0";
			developmentRegion = en;
			hasScannedForEncodings = 0;
			knownRegions = (
				en,
				Base,
			);
			mainGroup = 58C6F4AE1FBDDD5C00C9EC88;
			productRefGroup = 58C6F4B81FBDDD5C00C9EC88 /* Products */;
			projectDirPath = "";
			projectRoot = "";
			targets = (
				58C6F4B61FBDDD5C00C9EC88 /* DropDown-List */,
				58C6F4CA1FBDDD5D00C9EC88 /* DropDown-ListTests */,
				58C6F4D51FBDDD5D00C9EC88 /* DropDown-ListUITests */,
			);
		};
/* End PBXProject section */

/* Begin PBXResourcesBuildPhase section */
		58C6F4B51FBDDD5C00C9EC88 /* Resources */ = {
			isa = PBXResourcesBuildPhase;
			buildActionMask = 2147483647;
			files = (
				58C6F4C51FBDDD5C00C9EC88 /* LaunchScreen.storyboard in Resources */,
				58C6F4C21FBDDD5C00C9EC88 /* Assets.xcassets in Resources */,
				58C6F4C01FBDDD5C00C9EC88 /* Main.storyboard in Resources */,
			);
			runOnlyForDeploymentPostprocessing = 0;
		};
		58C6F4C91FBDDD5D00C9EC88 /* Resources */ = {
			isa = PBXResourcesBuildPhase;
			buildActionMask = 2147483647;
			files = (
			);
			runOnlyForDeploymentPostprocessing = 0;
		};
		58C6F4D41FBDDD5D00C9EC88 /* Resources */ = {
			isa = PBXResourcesBuildPhase;
			buildActionMask = 2147483647;
			files = (
			);
			runOnlyForDeploymentPostprocessing = 0;
		};
/* End PBXResourcesBuildPhase section */

/* Begin PBXSourcesBuildPhase section */
		58C6F4B31FBDDD5C00C9EC88 /* Sources */ = {
			isa = PBXSourcesBuildPhase;
			buildActionMask = 2147483647;
			files = (
				58C6F4BD1FBDDD5C00C9EC88 /* ViewController.swift in Sources */,
				58C6F4BB1FBDDD5C00C9EC88 /* AppDelegate.swift in Sources */,
			);
			runOnlyForDeploymentPostprocessing = 0;
		};
		58C6F4C71FBDDD5D00C9EC88 /* Sources */ = {
			isa = PBXSourcesBuildPhase;
			buildActionMask = 2147483647;
			files = (
				58C6F4D01FBDDD5D00C9EC88 /* DropDown_ListTests.swift in Sources */,
			);
			runOnlyForDeploymentPostprocessing = 0;
		};
		58C6F4D21FBDDD5D00C9EC88 /* Sources */ = {
			isa = PBXSourcesBuildPhase;
			buildActionMask = 2147483647;
			files = (
				58C6F4DB1FBDDD5D00C9EC88 /* DropDown_ListUITests.swift in Sources */,
			);
			runOnlyForDeploymentPostprocessing = 0;
		};
/* End PBXSourcesBuildPhase section */

/* Begin PBXTargetDependency section */
		58C6F4CD1FBDDD5D00C9EC88 /* PBXTargetDependency */ = {
			isa = PBXTargetDependency;
			target = 58C6F4B61FBDDD5C00C9EC88 /* DropDown-List */;
			targetProxy = 58C6F4CC1FBDDD5D00C9EC88 /* PBXContainerItemProxy */;
		};
		58C6F4D81FBDDD5D00C9EC88 /* PBXTargetDependency */ = {
			isa = PBXTargetDependency;
			target = 58C6F4B61FBDDD5C00C9EC88 /* DropDown-List */;
			targetProxy = 58C6F4D71FBDDD5D00C9EC88 /* PBXContainerItemProxy */;
		};
/* End PBXTargetDependency section */

/* Begin PBXVariantGroup section */
		58C6F4BE1FBDDD5C00C9EC88 /* Main.storyboard */ = {
			isa = PBXVariantGroup;
			children = (
				58C6F4BF1FBDDD5C00C9EC88 /* Base */,
			);
			name = Main.storyboard;
			sourceTree = "<group>";
		};
		58C6F4C31FBDDD5C00C9EC88 /* LaunchScreen.storyboard */ = {
			isa = PBXVariantGroup;
			children = (
				58C6F4C41FBDDD5C00C9EC88 /* Base */,
			);
			name = LaunchScreen.storyboard;
			sourceTree = "<group>";
		};
/* End PBXVariantGroup section */

/* Begin XCBuildConfiguration section */
		58C6F4DD1FBDDD5D00C9EC88 /* Debug */ = {
			isa = XCBuildConfiguration;
			buildSettings = {
				ALWAYS_SEARCH_USER_PATHS = NO;
				CLANG_ANALYZER_NONNULL = YES;
				CLANG_ANALYZER_NUMBER_OBJECT_CONVERSION = YES_AGGRESSIVE;
				CLANG_CXX_LANGUAGE_STANDARD = "gnu++14";
				CLANG_CXX_LIBRARY = "libc++";
				CLANG_ENABLE_MODULES = YES;
				CLANG_ENABLE_OBJC_ARC = YES;
				CLANG_WARN_BLOCK_CAPTURE_AUTORELEASING = YES;
				CLANG_WARN_BOOL_CONVERSION = YES;
				CLANG_WARN_COMMA = YES;
				CLANG_WARN_CONSTANT_CONVERSION = YES;
				CLANG_WARN_DIRECT_OBJC_ISA_USAGE = YES_ERROR;
				CLANG_WARN_DOCUMENTATION_COMMENTS = YES;
				CLANG_WARN_EMPTY_BODY = YES;
				CLANG_WARN_ENUM_CONVERSION = YES;
				CLANG_WARN_INFINITE_RECURSION = YES;
				CLANG_WARN_INT_CONVERSION = YES;
				CLANG_WARN_NON_LITERAL_NULL_CONVERSION = YES;
				CLANG_WARN_OBJC_LITERAL_CONVERSION = YES;
				CLANG_WARN_OBJC_ROOT_CLASS = YES_ERROR;
				CLANG_WARN_RANGE_LOOP_ANALYSIS = YES;
				CLANG_WARN_STRICT_PROTOTYPES = YES;
				CLANG_WARN_SUSPICIOUS_MOVE = YES;
				CLANG_WARN_UNGUARDED_AVAILABILITY = YES_AGGRESSIVE;
				CLANG_WARN_UNREACHABLE_CODE = YES;
				CLANG_WARN__DUPLICATE_METHOD_MATCH = YES;
				CODE_SIGN_IDENTITY = "iPhone Developer";
				COPY_PHASE_STRIP = NO;
				DEBUG_INFORMATION_FORMAT = dwarf;
				ENABLE_STRICT_OBJC_MSGSEND = YES;
				ENABLE_TESTABILITY = YES;
				GCC_C_LANGUAGE_STANDARD = gnu11;
				GCC_DYNAMIC_NO_PIC = NO;
				GCC_NO_COMMON_BLOCKS = YES;
				GCC_OPTIMIZATION_LEVEL = 0;
				GCC_PREPROCESSOR_DEFINITIONS = (
					"DEBUG=1",
					"$(inherited)",
				);
				GCC_WARN_64_TO_32_BIT_CONVERSION = YES;
				GCC_WARN_ABOUT_RETURN_TYPE = YES_ERROR;
				GCC_WARN_UNDECLARED_SELECTOR = YES;
				GCC_WARN_UNINITIALIZED_AUTOS = YES_AGGRESSIVE;
				GCC_WARN_UNUSED_FUNCTION = YES;
				GCC_WARN_UNUSED_VARIABLE = YES;
				IPHONEOS_DEPLOYMENT_TARGET = 11.1;
				MTL_ENABLE_DEBUG_INFO = YES;
				ONLY_ACTIVE_ARCH = YES;
				SDKROOT = iphoneos;
				SWIFT_ACTIVE_COMPILATION_CONDITIONS = DEBUG;
				SWIFT_OPTIMIZATION_LEVEL = "-Onone";
			};
			name = Debug;
		};
		58C6F4DE1FBDDD5D00C9EC88 /* Release */ = {
			isa = XCBuildConfiguration;
			buildSettings = {
				ALWAYS_SEARCH_USER_PATHS = NO;
				CLANG_ANALYZER_NONNULL = YES;
				CLANG_ANALYZER_NUMBER_OBJECT_CONVERSION = YES_AGGRESSIVE;
				CLANG_CXX_LANGUAGE_STANDARD = "gnu++14";
				CLANG_CXX_LIBRARY = "libc++";
				CLANG_ENABLE_MODULES = YES;
				CLANG_ENABLE_OBJC_ARC = YES;
				CLANG_WARN_BLOCK_CAPTURE_AUTORELEASING = YES;
				CLANG_WARN_BOOL_CONVERSION = YES;
				CLANG_WARN_COMMA = YES;
				CLANG_WARN_CONSTANT_CONVERSION = YES;
				CLANG_WARN_DIRECT_OBJC_ISA_USAGE = YES_ERROR;
				CLANG_WARN_DOCUMENTATION_COMMENTS = YES;
				CLANG_WARN_EMPTY_BODY = YES;
				CLANG_WARN_ENUM_CONVERSION = YES;
				CLANG_WARN_INFINITE_RECURSION = YES;
				CLANG_WARN_INT_CONVERSION = YES;
				CLANG_WARN_NON_LITERAL_NULL_CONVERSION = YES;
				CLANG_WARN_OBJC_LITERAL_CONVERSION = YES;
				CLANG_WARN_OBJC_ROOT_CLASS = YES_ERROR;
				CLANG_WARN_RANGE_LOOP_ANALYSIS = YES;
				CLANG_WARN_STRICT_PROTOTYPES = YES;
				CLANG_WARN_SUSPICIOUS_MOVE = YES;
				CLANG_WARN_UNGUARDED_AVAILABILITY = YES_AGGRESSIVE;
				CLANG_WARN_UNREACHABLE_CODE = YES;
				CLANG_WARN__DUPLICATE_METHOD_MATCH = YES;
				CODE_SIGN_IDENTITY = "iPhone Developer";
				COPY_PHASE_STRIP = NO;
				DEBUG_INFORMATION_FORMAT = "dwarf-with-dsym";
				ENABLE_NS_ASSERTIONS = NO;
				ENABLE_STRICT_OBJC_MSGSEND = YES;
				GCC_C_LANGUAGE_STANDARD = gnu11;
				GCC_NO_COMMON_BLOCKS = YES;
				GCC_WARN_64_TO_32_BIT_CONVERSION = YES;
				GCC_WARN_ABOUT_RETURN_TYPE = YES_ERROR;
				GCC_WARN_UNDECLARED_SELECTOR = YES;
				GCC_WARN_UNINITIALIZED_AUTOS = YES_AGGRESSIVE;
				GCC_WARN_UNUSED_FUNCTION = YES;
				GCC_WARN_UNUSED_VARIABLE = YES;
				IPHONEOS_DEPLOYMENT_TARGET = 11.1;
				MTL_ENABLE_DEBUG_INFO = NO;
				SDKROOT = iphoneos;
				SWIFT_OPTIMIZATION_LEVEL = "-Owholemodule";
				VALIDATE_PRODUCT = YES;
			};
			name = Release;
		};
		58C6F4E01FBDDD5D00C9EC88 /* Debug */ = {
			isa = XCBuildConfiguration;
			buildSettings = {
				ASSETCATALOG_COMPILER_APPICON_NAME = AppIcon;
				CODE_SIGN_STYLE = Automatic;
				DEVELOPMENT_TEAM = BJ69Y483R2;
				INFOPLIST_FILE = "DropDown-List/Info.plist";
				LD_RUNPATH_SEARCH_PATHS = "$(inherited) @executable_path/Frameworks";
				PRODUCT_BUNDLE_IDENTIFIER = "CodeKindle.DropDown-List";
				PRODUCT_NAME = "$(TARGET_NAME)";
				SWIFT_VERSION = 4.0;
				TARGETED_DEVICE_FAMILY = "1,2";
			};
			name = Debug;
		};
		58C6F4E11FBDDD5D00C9EC88 /* Release */ = {
			isa = XCBuildConfiguration;
			buildSettings = {
				ASSETCATALOG_COMPILER_APPICON_NAME = AppIcon;
				CODE_SIGN_STYLE = Automatic;
				DEVELOPMENT_TEAM = BJ69Y483R2;
				INFOPLIST_FILE = "DropDown-List/Info.plist";
				LD_RUNPATH_SEARCH_PATHS = "$(inherited) @executable_path/Frameworks";
				PRODUCT_BUNDLE_IDENTIFIER = "CodeKindle.DropDown-List";
				PRODUCT_NAME = "$(TARGET_NAME)";
				SWIFT_VERSION = 4.0;
				TARGETED_DEVICE_FAMILY = "1,2";
			};
			name = Release;
		};
		58C6F4E31FBDDD5D00C9EC88 /* Debug */ = {
			isa = XCBuildConfiguration;
			buildSettings = {
				ALWAYS_EMBED_SWIFT_STANDARD_LIBRARIES = YES;
				BUNDLE_LOADER = "$(TEST_HOST)";
				CODE_SIGN_STYLE = Automatic;
				DEVELOPMENT_TEAM = BJ69Y483R2;
				INFOPLIST_FILE = "DropDown-ListTests/Info.plist";
				LD_RUNPATH_SEARCH_PATHS = "$(inherited) @executable_path/Frameworks @loader_path/Frameworks";
				PRODUCT_BUNDLE_IDENTIFIER = "CodeKindle.DropDown-ListTests";
				PRODUCT_NAME = "$(TARGET_NAME)";
				SWIFT_VERSION = 4.0;
				TARGETED_DEVICE_FAMILY = "1,2";
				TEST_HOST = "$(BUILT_PRODUCTS_DIR)/DropDown-List.app/DropDown-List";
			};
			name = Debug;
		};
		58C6F4E41FBDDD5D00C9EC88 /* Release */ = {
			isa = XCBuildConfiguration;
			buildSettings = {
				ALWAYS_EMBED_SWIFT_STANDARD_LIBRARIES = YES;
				BUNDLE_LOADER = "$(TEST_HOST)";
				CODE_SIGN_STYLE = Automatic;
				DEVELOPMENT_TEAM = BJ69Y483R2;
				INFOPLIST_FILE = "DropDown-ListTests/Info.plist";
				LD_RUNPATH_SEARCH_PATHS = "$(inherited) @executable_path/Frameworks @loader_path/Frameworks";
				PRODUCT_BUNDLE_IDENTIFIER = "CodeKindle.DropDown-ListTests";
				PRODUCT_NAME = "$(TARGET_NAME)";
				SWIFT_VERSION = 4.0;
				TARGETED_DEVICE_FAMILY = "1,2";
				TEST_HOST = "$(BUILT_PRODUCTS_DIR)/DropDown-List.app/DropDown-List";
			};
			name = Release;
		};
		58C6F4E61FBDDD5D00C9EC88 /* Debug */ = {
			isa = XCBuildConfiguration;
			buildSettings = {
				ALWAYS_EMBED_SWIFT_STANDARD_LIBRARIES = YES;
				CODE_SIGN_STYLE = Automatic;
				DEVELOPMENT_TEAM = BJ69Y483R2;
				INFOPLIST_FILE = "DropDown-ListUITests/Info.plist";
				LD_RUNPATH_SEARCH_PATHS = "$(inherited) @executable_path/Frameworks @loader_path/Frameworks";
				PRODUCT_BUNDLE_IDENTIFIER = "CodeKindle.DropDown-ListUITests";
				PRODUCT_NAME = "$(TARGET_NAME)";
				SWIFT_VERSION = 4.0;
				TARGETED_DEVICE_FAMILY = "1,2";
				TEST_TARGET_NAME = "DropDown-List";
			};
			name = Debug;
		};
		58C6F4E71FBDDD5D00C9EC88 /* Release */ = {
			isa = XCBuildConfiguration;
			buildSettings = {
				ALWAYS_EMBED_SWIFT_STANDARD_LIBRARIES = YES;
				CODE_SIGN_STYLE = Automatic;
				DEVELOPMENT_TEAM = BJ69Y483R2;
				INFOPLIST_FILE = "DropDown-ListUITests/Info.plist";
				LD_RUNPATH_SEARCH_PATHS = "$(inherited) @executable_path/Frameworks @loader_path/Frameworks";
				PRODUCT_BUNDLE_IDENTIFIER = "CodeKindle.DropDown-ListUITests";
				PRODUCT_NAME = "$(TARGET_NAME)";
				SWIFT_VERSION = 4.0;
				TARGETED_DEVICE_FAMILY = "1,2";
				TEST_TARGET_NAME = "DropDown-List";
			};
			name = Release;
		};
/* End XCBuildConfiguration section */

/* Begin XCConfigurationList section */
		58C6F4B21FBDDD5C00C9EC88 /* Build configuration list for PBXProject "DropDown-List" */ = {
			isa = XCConfigurationList;
			buildConfigurations = (
				58C6F4DD1FBDDD5D00C9EC88 /* Debug */,
				58C6F4DE1FBDDD5D00C9EC88 /* Release */,
			);
			defaultConfigurationIsVisible = 0;
			defaultConfigurationName = Release;
		};
		58C6F4DF1FBDDD5D00C9EC88 /* Build configuration list for PBXNativeTarget "DropDown-List" */ = {
			isa = XCConfigurationList;
			buildConfigurations = (
				58C6F4E01FBDDD5D00C9EC88 /* Debug */,
				58C6F4E11FBDDD5D00C9EC88 /* Release */,
			);
			defaultConfigurationIsVisible = 0;
			defaultConfigurationName = Release;
		};
		58C6F4E21FBDDD5D00C9EC88 /* Build configuration list for PBXNativeTarget "DropDown-ListTests" */ = {
			isa = XCConfigurationList;
			buildConfigurations = (
				58C6F4E31FBDDD5D00C9EC88 /* Debug */,
				58C6F4E41FBDDD5D00C9EC88 /* Release */,
			);
			defaultConfigurationIsVisible = 0;
			defaultConfigurationName = Release;
		};
		58C6F4E51FBDDD5D00C9EC88 /* Build configuration list for PBXNativeTarget "DropDown-ListUITests" */ = {
			isa = XCConfigurationList;
			buildConfigurations = (
				58C6F4E61FBDDD5D00C9EC88 /* Debug */,
				58C6F4E71FBDDD5D00C9EC88 /* Release */,
			);
			defaultConfigurationIsVisible = 0;
			defaultConfigurationName = Release;
		};
/* End XCConfigurationList section */
	};
	rootObject = 58C6F4AF1FBDDD5C00C9EC88 /* Project object */;
}
